
Microsoft Visual Studio Solution File, Format Version 12.00
# Visual Studio Version 16
VisualStudioVersion = 16.0.31321.278
MinimumVisualStudioVersion = 10.0.40219.1
Project("{FAE04EC0-301F-11D3-BF4B-00C04F79EFBC}") = "SalesWebPro", "SalesWebPro\SalesWebPro.csproj", "{86B80EE9-B9AC-42EF-8D12-90F17A10ADE2}"
EndProject
Global
	GlobalSection(SolutionConfigurationPlatforms) = preSolution
		Debug|Any CPU = Debug|Any CPU
		Release|Any CPU = Release|Any CPU
	EndGlobalSection
	GlobalSection(ProjectConfigurationPlatforms) = postSolution
		{86B80EE9-B9AC-42EF-8D12-90F17A10ADE2}.Debug|Any CPU.ActiveCfg = Debug|Any CPU
		{86B80EE9-B9AC-42EF-8D12-90F17A10ADE2}.Debug|Any CPU.Build.0 = Debug|Any CPU
		{86B80EE9-B9AC-42EF-8D12-90F17A10ADE2}.Release|Any CPU.ActiveCfg = Release|Any CPU
		{86B80EE9-B9AC-42EF-8D12-90F17A10ADE2}.Release|Any CPU.Build.0 = Release|Any CPU
	EndGlobalSection
	GlobalSection(SolutionProperties) = preSolution
		HideSolutionNode = FALSE
	EndGlobalSection
	GlobalSection(ExtensibilityGlobals) = postSolution
		SolutionGuid = {9636A328-BA72-443C-A7C7-9085932D26BF}
	EndGlobalSection
EndGlobal
